
Microsoft Visual Studio Solution File, Format Version 12.00
# Visual Studio 15
VisualStudioVersion = 15.0.27130.2024
MinimumVisualStudioVersion = 10.0.40219.1
Project("{FAE04EC0-301F-11D3-BF4B-00C04F79EFBC}") = "HW4", "HW4\HW4.csproj", "{4E499B97-A4C3-4804-BCD0-CEEC5F21A93E}"
EndProject
Global
	GlobalSection(SolutionConfigurationPlatforms) = preSolution
		Debug|Any CPU = Debug|Any CPU
		Release|Any CPU = Release|Any CPU
	EndGlobalSection
	GlobalSection(ProjectConfigurationPlatforms) = postSolution
		{4E499B97-A4C3-4804-BCD0-CEEC5F21A93E}.Debug|Any CPU.ActiveCfg = Debug|Any CPU
		{4E499B97-A4C3-4804-BCD0-CEEC5F21A93E}.Debug|Any CPU.Build.0 = Debug|Any CPU
		{4E499B97-A4C3-4804-BCD0-CEEC5F21A93E}.Release|Any CPU.ActiveCfg = Release|Any CPU
		{4E499B97-A4C3-4804-BCD0-CEEC5F21A93E}.Release|Any CPU.Build.0 = Release|Any CPU
	EndGlobalSection
	GlobalSection(SolutionProperties) = preSolution
		HideSolutionNode = FALSE
	EndGlobalSection
	GlobalSection(ExtensibilityGlobals) = postSolution
		SolutionGuid = {6B4571D0-EECF-4258-8B1F-BCA2B82CAD2F}
	EndGlobalSection
EndGlobal
